
Microsoft Visual Studio Solution File, Format Version 12.00
# Visual Studio 14
VisualStudioVersion = 14.0.23107.0
MinimumVisualStudioVersion = 10.0.40219.1
Project("{FAE04EC0-301F-11D3-BF4B-00C04F79EFBC}") = "Lab162TaskAsync", "Lab162TaskAsync\Lab162TaskAsync.csproj", "{0790B3F4-5362-4B15-A2A1-9D193485E4F7}"
EndProject
Project("{FAE04EC0-301F-11D3-BF4B-00C04F79EFBC}") = "BA.ReflectionLabSources152.AP", "BA.ReflectionLabSources152.AP\BA.ReflectionLabSources152.AP.csproj", "{3E5AFC27-444B-495D-BD07-101CEF4C13EA}"
EndProject
Project("{FAE04EC0-301F-11D3-BF4B-00C04F79EFBC}") = "BA.ReflectionLab152.AP", "BA.ReflectionLab152.AP\BA.ReflectionLab152.AP.csproj", "{55328964-BC17-451F-B005-4F530872CBCE}"
EndProject
Project("{FAE04EC0-301F-11D3-BF4B-00C04F79EFBC}") = "APLAB1", "APLAB1\APLAB1.csproj", "{1F55A619-3B73-40F2-9AB0-D47CE6BBDC31}"
EndProject
Project("{FAE04EC0-301F-11D3-BF4B-00C04F79EFBC}") = "BA.GenericsLab.AP", "BA.GenericsLab.AP\BA.GenericsLab.AP.csproj", "{B49AA500-B217-4DDD-A548-57458DDC108D}"
EndProject
Project("{FAE04EC0-301F-11D3-BF4B-00C04F79EFBC}") = "BA.InheritanceAndPolymorphism.AP", "BA.InheritanceAndPolymorphism.AP\BA.InheritanceAndPolymorphism.AP.csproj", "{AC02671F-4AA2-4C23-BC44-7AC7ACD6FE70}"
EndProject
Project("{FAE04EC0-301F-11D3-BF4B-00C04F79EFBC}") = "BA.Lesson124.AP", "BA.Lesson124.AP\BA.Lesson124.AP.csproj", "{83C44BCB-C8C5-4868-B9CE-31DE311BB92C}"
EndProject
Project("{FAE04EC0-301F-11D3-BF4B-00C04F79EFBC}") = "BA.Lesson131.AP", "BA.Lesson131.AP\BA.Lesson131.AP.csproj", "{AF822A4D-EE54-47CC-860A-2AE32D79098F}"
EndProject
Project("{FAE04EC0-301F-11D3-BF4B-00C04F79EFBC}") = "BA.Lesson141.AP", "BA.Lesson141.AP\BA.Lesson141.AP.csproj", "{88691553-8E9C-4636-90E8-723FAE8456CD}"
EndProject
Project("{FAE04EC0-301F-11D3-BF4B-00C04F79EFBC}") = "BA.Lesson143.AP", "BA.Lesson143.AP\BA.Lesson143.AP.csproj", "{011EB44D-0622-46CA-A485-025AD6C993D6}"
EndProject
Project("{FAE04EC0-301F-11D3-BF4B-00C04F79EFBC}") = "BA.Tickets.AP", "BA.Tickets.AP\BA.Tickets.AP.csproj", "{48E5F3CE-DB28-4D52-883E-86E4F94B10A1}"
EndProject
Project("{FAE04EC0-301F-11D3-BF4B-00C04F79EFBC}") = "FarmerApp", "FarmerApp\FarmerApp.csproj", "{43659A09-6107-4DAD-9484-9208A434A2FC}"
EndProject
Project("{FAE04EC0-301F-11D3-BF4B-00C04F79EFBC}") = "Lab3", "Lab3\Lab3.csproj", "{3FCFF139-D085-4867-A45C-FCF0C2200747}"
EndProject
Project("{FAE04EC0-301F-11D3-BF4B-00C04F79EFBC}") = "lab4_Morze", "lab4_Morze\lab4_Morze.csproj", "{80181337-1A04-4993-B0A9-488D2C93C15C}"
EndProject
Project("{FAE04EC0-301F-11D3-BF4B-00C04F79EFBC}") = "LAB10_03_2016", "LAB10_03_2016\LAB10_03_2016.csproj", "{7CF0E91A-E57A-43FB-BE37-FC802FB4E0FF}"
EndProject
Project("{FAE04EC0-301F-11D3-BF4B-00C04F79EFBC}") = "Lesson10.03.2016", "Lesson10.03.2016\Lesson10.03.2016.csproj", "{E248C360-A61D-4194-9395-83A52487FA9F}"
EndProject
Project("{FAE04EC0-301F-11D3-BF4B-00C04F79EFBC}") = "CSharp_Net-module1_2_1–lab", "CSharp_Net-module1_2_1–lab\CSharp_Net-module1_2_1–lab.csproj", "{EE2EC0F7-7F56-4718-9D81-EE4FD6BA133E}"
EndProject
Project("{FAE04EC0-301F-11D3-BF4B-00C04F79EFBC}") = "Hello_Operators_stud", "Hello_Operators\Hello_Operators_stud.csproj", "{A13C697D-183F-48A0-8098-0C51AB93382C}"
EndProject
Project("{FAE04EC0-301F-11D3-BF4B-00C04F79EFBC}") = "BA.Lesson15.AP", "BA.Lesson15.AP\BA.Lesson15.AP.csproj", "{CD02519F-3A18-415C-BA5A-01B90AEAB21F}"
EndProject
Project("{FAE04EC0-301F-11D3-BF4B-00C04F79EFBC}") = "UnitTests", "UnitTestsL15\UnitTests.csproj", "{92587300-7F3E-4A95-B6F4-9E82961EDE7A}"
EndProject
Project("{FAE04EC0-301F-11D3-BF4B-00C04F79EFBC}") = "BA.Lesson174.AP", "BA.Lesson174.AP\BA.Lesson174.AP.csproj", "{177FA319-C9F4-415A-AE41-E53828C7DAA0}"
EndProject
Project("{FAE04EC0-301F-11D3-BF4B-00C04F79EFBC}") = "DataService", "DataService\DataService.csproj", "{B4A927C5-F6ED-42AB-A763-F366ADF51605}"
EndProject
Project("{FAE04EC0-301F-11D3-BF4B-00C04F79EFBC}") = "BA.Lesson16.AP", "BA.Lesson16.AP\BA.Lesson16.AP.csproj", "{71BA3D43-69A7-46BF-A335-DDAA2091AA0E}"
EndProject
Project("{FAE04EC0-301F-11D3-BF4B-00C04F79EFBC}") = "BA.Lesson17.AP", "BA.Lesson17.AP\BA.Lesson17.AP.csproj", "{87BAB614-DDF0-4980-870A-FEFDE2D5B31F}"
EndProject
Project("{FAE04EC0-301F-11D3-BF4B-00C04F79EFBC}") = "Calculator", "Calculator\Calculator.csproj", "{DD06A0CF-2ED2-4F51-9CE3-0E1126A07642}"
EndProject
Project("{FAE04EC0-301F-11D3-BF4B-00C04F79EFBC}") = "CalculatorUnitTests", "CalculatorUnitTests\CalculatorUnitTests.csproj", "{7C2B9631-C101-46AD-9E54-04827F0317CA}"
EndProject
Global
	GlobalSection(SolutionConfigurationPlatforms) = preSolution
		Debug|Any CPU = Debug|Any CPU
		Release|Any CPU = Release|Any CPU
	EndGlobalSection
	GlobalSection(ProjectConfigurationPlatforms) = postSolution
		{0790B3F4-5362-4B15-A2A1-9D193485E4F7}.Debug|Any CPU.ActiveCfg = Debug|Any CPU
		{0790B3F4-5362-4B15-A2A1-9D193485E4F7}.Debug|Any CPU.Build.0 = Debug|Any CPU
		{0790B3F4-5362-4B15-A2A1-9D193485E4F7}.Release|Any CPU.ActiveCfg = Release|Any CPU
		{0790B3F4-5362-4B15-A2A1-9D193485E4F7}.Release|Any CPU.Build.0 = Release|Any CPU
		{3E5AFC27-444B-495D-BD07-101CEF4C13EA}.Debug|Any CPU.ActiveCfg = Debug|Any CPU
		{3E5AFC27-444B-495D-BD07-101CEF4C13EA}.Debug|Any CPU.Build.0 = Debug|Any CPU
		{3E5AFC27-444B-495D-BD07-101CEF4C13EA}.Release|Any CPU.ActiveCfg = Release|Any CPU
		{3E5AFC27-444B-495D-BD07-101CEF4C13EA}.Release|Any CPU.Build.0 = Release|Any CPU
		{55328964-BC17-451F-B005-4F530872CBCE}.Debug|Any CPU.ActiveCfg = Debug|Any CPU
		{55328964-BC17-451F-B005-4F530872CBCE}.Debug|Any CPU.Build.0 = Debug|Any CPU
		{55328964-BC17-451F-B005-4F530872CBCE}.Release|Any CPU.ActiveCfg = Release|Any CPU
		{55328964-BC17-451F-B005-4F530872CBCE}.Release|Any CPU.Build.0 = Release|Any CPU
		{1F55A619-3B73-40F2-9AB0-D47CE6BBDC31}.Debug|Any CPU.ActiveCfg = Debug|Any CPU
		{1F55A619-3B73-40F2-9AB0-D47CE6BBDC31}.Debug|Any CPU.Build.0 = Debug|Any CPU
		{1F55A619-3B73-40F2-9AB0-D47CE6BBDC31}.Release|Any CPU.ActiveCfg = Release|Any CPU
		{1F55A619-3B73-40F2-9AB0-D47CE6BBDC31}.Release|Any CPU.Build.0 = Release|Any CPU
		{B49AA500-B217-4DDD-A548-57458DDC108D}.Debug|Any CPU.ActiveCfg = Debug|Any CPU
		{B49AA500-B217-4DDD-A548-57458DDC108D}.Debug|Any CPU.Build.0 = Debug|Any CPU
		{B49AA500-B217-4DDD-A548-57458DDC108D}.Release|Any CPU.ActiveCfg = Release|Any CPU
		{B49AA500-B217-4DDD-A548-57458DDC108D}.Release|Any CPU.Build.0 = Release|Any CPU
		{AC02671F-4AA2-4C23-BC44-7AC7ACD6FE70}.Debug|Any CPU.ActiveCfg = Debug|Any CPU
		{AC02671F-4AA2-4C23-BC44-7AC7ACD6FE70}.Debug|Any CPU.Build.0 = Debug|Any CPU
		{AC02671F-4AA2-4C23-BC44-7AC7ACD6FE70}.Release|Any CPU.ActiveCfg = Release|Any CPU
		{AC02671F-4AA2-4C23-BC44-7AC7ACD6FE70}.Release|Any CPU.Build.0 = Release|Any CPU
		{83C44BCB-C8C5-4868-B9CE-31DE311BB92C}.Debug|Any CPU.ActiveCfg = Debug|Any CPU
		{83C44BCB-C8C5-4868-B9CE-31DE311BB92C}.Debug|Any CPU.Build.0 = Debug|Any CPU
		{83C44BCB-C8C5-4868-B9CE-31DE311BB92C}.Release|Any CPU.ActiveCfg = Release|Any CPU
		{83C44BCB-C8C5-4868-B9CE-31DE311BB92C}.Release|Any CPU.Build.0 = Release|Any CPU
		{AF822A4D-EE54-47CC-860A-2AE32D79098F}.Debug|Any CPU.ActiveCfg = Debug|Any CPU
		{AF822A4D-EE54-47CC-860A-2AE32D79098F}.Debug|Any CPU.Build.0 = Debug|Any CPU
		{AF822A4D-EE54-47CC-860A-2AE32D79098F}.Release|Any CPU.ActiveCfg = Release|Any CPU
		{AF822A4D-EE54-47CC-860A-2AE32D79098F}.Release|Any CPU.Build.0 = Release|Any CPU
		{88691553-8E9C-4636-90E8-723FAE8456CD}.Debug|Any CPU.ActiveCfg = Debug|Any CPU
		{88691553-8E9C-4636-90E8-723FAE8456CD}.Debug|Any CPU.Build.0 = Debug|Any CPU
		{88691553-8E9C-4636-90E8-723FAE8456CD}.Release|Any CPU.ActiveCfg = Release|Any CPU
		{88691553-8E9C-4636-90E8-723FAE8456CD}.Release|Any CPU.Build.0 = Release|Any CPU
		{011EB44D-0622-46CA-A485-025AD6C993D6}.Debug|Any CPU.ActiveCfg = Debug|Any CPU
		{011EB44D-0622-46CA-A485-025AD6C993D6}.Debug|Any CPU.Build.0 = Debug|Any CPU
		{011EB44D-0622-46CA-A485-025AD6C993D6}.Release|Any CPU.ActiveCfg = Release|Any CPU
		{011EB44D-0622-46CA-A485-025AD6C993D6}.Release|Any CPU.Build.0 = Release|Any CPU
		{48E5F3CE-DB28-4D52-883E-86E4F94B10A1}.Debug|Any CPU.ActiveCfg = Debug|Any CPU
		{48E5F3CE-DB28-4D52-883E-86E4F94B10A1}.Debug|Any CPU.Build.0 = Debug|Any CPU
		{48E5F3CE-DB28-4D52-883E-86E4F94B10A1}.Release|Any CPU.ActiveCfg = Release|Any CPU
		{48E5F3CE-DB28-4D52-883E-86E4F94B10A1}.Release|Any CPU.Build.0 = Release|Any CPU
		{43659A09-6107-4DAD-9484-9208A434A2FC}.Debug|Any CPU.ActiveCfg = Debug|Any CPU
		{43659A09-6107-4DAD-9484-9208A434A2FC}.Debug|Any CPU.Build.0 = Debug|Any CPU
		{43659A09-6107-4DAD-9484-9208A434A2FC}.Release|Any CPU.ActiveCfg = Release|Any CPU
		{43659A09-6107-4DAD-9484-9208A434A2FC}.Release|Any CPU.Build.0 = Release|Any CPU
		{3FCFF139-D085-4867-A45C-FCF0C2200747}.Debug|Any CPU.ActiveCfg = Debug|Any CPU
		{3FCFF139-D085-4867-A45C-FCF0C2200747}.Debug|Any CPU.Build.0 = Debug|Any CPU
		{3FCFF139-D085-4867-A45C-FCF0C2200747}.Release|Any CPU.ActiveCfg = Release|Any CPU
		{3FCFF139-D085-4867-A45C-FCF0C2200747}.Release|Any CPU.Build.0 = Release|Any CPU
		{80181337-1A04-4993-B0A9-488D2C93C15C}.Debug|Any CPU.ActiveCfg = Debug|Any CPU
		{80181337-1A04-4993-B0A9-488D2C93C15C}.Debug|Any CPU.Build.0 = Debug|Any CPU
		{80181337-1A04-4993-B0A9-488D2C93C15C}.Release|Any CPU.ActiveCfg = Release|Any CPU
		{80181337-1A04-4993-B0A9-488D2C93C15C}.Release|Any CPU.Build.0 = Release|Any CPU
		{7CF0E91A-E57A-43FB-BE37-FC802FB4E0FF}.Debug|Any CPU.ActiveCfg = Debug|Any CPU
		{7CF0E91A-E57A-43FB-BE37-FC802FB4E0FF}.Debug|Any CPU.Build.0 = Debug|Any CPU
		{7CF0E91A-E57A-43FB-BE37-FC802FB4E0FF}.Release|Any CPU.ActiveCfg = Release|Any CPU
		{7CF0E91A-E57A-43FB-BE37-FC802FB4E0FF}.Release|Any CPU.Build.0 = Release|Any CPU
		{E248C360-A61D-4194-9395-83A52487FA9F}.Debug|Any CPU.ActiveCfg = Debug|Any CPU
		{E248C360-A61D-4194-9395-83A52487FA9F}.Debug|Any CPU.Build.0 = Debug|Any CPU
		{E248C360-A61D-4194-9395-83A52487FA9F}.Release|Any CPU.ActiveCfg = Release|Any CPU
		{E248C360-A61D-4194-9395-83A52487FA9F}.Release|Any CPU.Build.0 = Release|Any CPU
		{EE2EC0F7-7F56-4718-9D81-EE4FD6BA133E}.Debug|Any CPU.ActiveCfg = Debug|Any CPU
		{EE2EC0F7-7F56-4718-9D81-EE4FD6BA133E}.Debug|Any CPU.Build.0 = Debug|Any CPU
		{EE2EC0F7-7F56-4718-9D81-EE4FD6BA133E}.Release|Any CPU.ActiveCfg = Release|Any CPU
		{EE2EC0F7-7F56-4718-9D81-EE4FD6BA133E}.Release|Any CPU.Build.0 = Release|Any CPU
		{A13C697D-183F-48A0-8098-0C51AB93382C}.Debug|Any CPU.ActiveCfg = Debug|Any CPU
		{A13C697D-183F-48A0-8098-0C51AB93382C}.Debug|Any CPU.Build.0 = Debug|Any CPU
		{A13C697D-183F-48A0-8098-0C51AB93382C}.Release|Any CPU.ActiveCfg = Release|Any CPU
		{A13C697D-183F-48A0-8098-0C51AB93382C}.Release|Any CPU.Build.0 = Release|Any CPU
		{CD02519F-3A18-415C-BA5A-01B90AEAB21F}.Debug|Any CPU.ActiveCfg = Debug|Any CPU
		{CD02519F-3A18-415C-BA5A-01B90AEAB21F}.Debug|Any CPU.Build.0 = Debug|Any CPU
		{CD02519F-3A18-415C-BA5A-01B90AEAB21F}.Release|Any CPU.ActiveCfg = Release|Any CPU
		{CD02519F-3A18-415C-BA5A-01B90AEAB21F}.Release|Any CPU.Build.0 = Release|Any CPU
		{92587300-7F3E-4A95-B6F4-9E82961EDE7A}.Debug|Any CPU.ActiveCfg = Debug|Any CPU
		{92587300-7F3E-4A95-B6F4-9E82961EDE7A}.Debug|Any CPU.Build.0 = Debug|Any CPU
		{92587300-7F3E-4A95-B6F4-9E82961EDE7A}.Release|Any CPU.ActiveCfg = Release|Any CPU
		{92587300-7F3E-4A95-B6F4-9E82961EDE7A}.Release|Any CPU.Build.0 = Release|Any CPU
		{177FA319-C9F4-415A-AE41-E53828C7DAA0}.Debug|Any CPU.ActiveCfg = Debug|Any CPU
		{177FA319-C9F4-415A-AE41-E53828C7DAA0}.Debug|Any CPU.Build.0 = Debug|Any CPU
		{177FA319-C9F4-415A-AE41-E53828C7DAA0}.Release|Any CPU.ActiveCfg = Release|Any CPU
		{177FA319-C9F4-415A-AE41-E53828C7DAA0}.Release|Any CPU.Build.0 = Release|Any CPU
		{B4A927C5-F6ED-42AB-A763-F366ADF51605}.Debug|Any CPU.ActiveCfg = Debug|Any CPU
		{B4A927C5-F6ED-42AB-A763-F366ADF51605}.Debug|Any CPU.Build.0 = Debug|Any CPU
		{B4A927C5-F6ED-42AB-A763-F366ADF51605}.Release|Any CPU.ActiveCfg = Release|Any CPU
		{B4A927C5-F6ED-42AB-A763-F366ADF51605}.Release|Any CPU.Build.0 = Release|Any CPU
		{71BA3D43-69A7-46BF-A335-DDAA2091AA0E}.Debug|Any CPU.ActiveCfg = Debug|Any CPU
		{71BA3D43-69A7-46BF-A335-DDAA2091AA0E}.Debug|Any CPU.Build.0 = Debug|Any CPU
		{71BA3D43-69A7-46BF-A335-DDAA2091AA0E}.Release|Any CPU.ActiveCfg = Release|Any CPU
		{71BA3D43-69A7-46BF-A335-DDAA2091AA0E}.Release|Any CPU.Build.0 = Release|Any CPU
		{87BAB614-DDF0-4980-870A-FEFDE2D5B31F}.Debug|Any CPU.ActiveCfg = Debug|Any CPU
		{87BAB614-DDF0-4980-870A-FEFDE2D5B31F}.Debug|Any CPU.Build.0 = Debug|Any CPU
		{87BAB614-DDF0-4980-870A-FEFDE2D5B31F}.Release|Any CPU.ActiveCfg = Release|Any CPU
		{87BAB614-DDF0-4980-870A-FEFDE2D5B31F}.Release|Any CPU.Build.0 = Release|Any CPU
		{DD06A0CF-2ED2-4F51-9CE3-0E1126A07642}.Debug|Any CPU.ActiveCfg = Debug|Any CPU
		{DD06A0CF-2ED2-4F51-9CE3-0E1126A07642}.Debug|Any CPU.Build.0 = Debug|Any CPU
		{DD06A0CF-2ED2-4F51-9CE3-0E1126A07642}.Release|Any CPU.ActiveCfg = Release|Any CPU
		{DD06A0CF-2ED2-4F51-9CE3-0E1126A07642}.Release|Any CPU.Build.0 = Release|Any CPU
		{7C2B9631-C101-46AD-9E54-04827F0317CA}.Debug|Any CPU.ActiveCfg = Debug|Any CPU
		{7C2B9631-C101-46AD-9E54-04827F0317CA}.Debug|Any CPU.Build.0 = Debug|Any CPU
		{7C2B9631-C101-46AD-9E54-04827F0317CA}.Release|Any CPU.ActiveCfg = Release|Any CPU
		{7C2B9631-C101-46AD-9E54-04827F0317CA}.Release|Any CPU.Build.0 = Release|Any CPU
	EndGlobalSection
	GlobalSection(SolutionProperties) = preSolution
		HideSolutionNode = FALSE
	EndGlobalSection
EndGlobal
